
Microsoft Visual Studio Solution File, Format Version 12.00
# Visual Studio Version 17
VisualStudioVersion = 17.3.32922.545
MinimumVisualStudioVersion = 10.0.40219.1
Project("{FAE04EC0-301F-11D3-BF4B-00C04F79EFBC}") = "pro0930", "pro0930\pro0930.csproj", "{8B6BF7BC-91A1-480D-90A6-636636108AC3}"
EndProject
Global
	GlobalSection(SolutionConfigurationPlatforms) = preSolution
		Debug|Any CPU = Debug|Any CPU
		Release|Any CPU = Release|Any CPU
	EndGlobalSection
	GlobalSection(ProjectConfigurationPlatforms) = postSolution
		{8B6BF7BC-91A1-480D-90A6-636636108AC3}.Debug|Any CPU.ActiveCfg = Debug|Any CPU
		{8B6BF7BC-91A1-480D-90A6-636636108AC3}.Debug|Any CPU.Build.0 = Debug|Any CPU
		{8B6BF7BC-91A1-480D-90A6-636636108AC3}.Release|Any CPU.ActiveCfg = Release|Any CPU
		{8B6BF7BC-91A1-480D-90A6-636636108AC3}.Release|Any CPU.Build.0 = Release|Any CPU
	EndGlobalSection
	GlobalSection(SolutionProperties) = preSolution
		HideSolutionNode = FALSE
	EndGlobalSection
	GlobalSection(ExtensibilityGlobals) = postSolution
		SolutionGuid = {B6C86B00-459D-4826-805F-81B2A38BE79B}
	EndGlobalSection
EndGlobal
